
Microsoft Visual Studio Solution File, Format Version 12.00
# Visual Studio Version 17
VisualStudioVersion = 17.12.35323.107
MinimumVisualStudioVersion = 10.0.40219.1
Project("{FAE04EC0-301F-11D3-BF4B-00C04F79EFBC}") = "01_MainSubjects", "01_MainSubjects\01_MainSubjects.csproj", "{2C8C6570-D645-4774-B21F-098E4461B7AD}"
EndProject
Project("{FAE04EC0-301F-11D3-BF4B-00C04F79EFBC}") = "02_Variables", "02_Variables\02_Variables.csproj", "{AF9CFE40-A3AC-462A-A65F-C208356BCEC4}"
EndProject
Global
	GlobalSection(SolutionConfigurationPlatforms) = preSolution
		Debug|Any CPU = Debug|Any CPU
		Release|Any CPU = Release|Any CPU
	EndGlobalSection
	GlobalSection(ProjectConfigurationPlatforms) = postSolution
		{2C8C6570-D645-4774-B21F-098E4461B7AD}.Debug|Any CPU.ActiveCfg = Debug|Any CPU
		{2C8C6570-D645-4774-B21F-098E4461B7AD}.Debug|Any CPU.Build.0 = Debug|Any CPU
		{2C8C6570-D645-4774-B21F-098E4461B7AD}.Release|Any CPU.ActiveCfg = Release|Any CPU
		{2C8C6570-D645-4774-B21F-098E4461B7AD}.Release|Any CPU.Build.0 = Release|Any CPU
		{AF9CFE40-A3AC-462A-A65F-C208356BCEC4}.Debug|Any CPU.ActiveCfg = Debug|Any CPU
		{AF9CFE40-A3AC-462A-A65F-C208356BCEC4}.Debug|Any CPU.Build.0 = Debug|Any CPU
		{AF9CFE40-A3AC-462A-A65F-C208356BCEC4}.Release|Any CPU.ActiveCfg = Release|Any CPU
		{AF9CFE40-A3AC-462A-A65F-C208356BCEC4}.Release|Any CPU.Build.0 = Release|Any CPU
	EndGlobalSection
	GlobalSection(SolutionProperties) = preSolution
		HideSolutionNode = FALSE
	EndGlobalSection
	GlobalSection(ExtensibilityGlobals) = postSolution
		SolutionGuid = {4914EB43-090E-45F1-AD34-1509E6ED793A}
	EndGlobalSection
EndGlobal
